
Microsoft Visual Studio Solution File, Format Version 12.00
# Visual Studio Version 16
VisualStudioVersion = 16.0.31729.503
MinimumVisualStudioVersion = 10.0.40219.1
Project("{8BC9CEB8-8B4A-11D0-8D11-00A0C91BC942}") = "HW5", "HW5.vcxproj", "{08E69DA0-FFEF-31EF-9E6B-EF241CAE9635}"
EndProject
Global
	GlobalSection(SolutionConfigurationPlatforms) = preSolution
		Debug|x64 = Debug|x64
		Release|x64 = Release|x64
	EndGlobalSection
	GlobalSection(ProjectConfigurationPlatforms) = postSolution
		{08E69DA0-FFEF-31EF-9E6B-EF241CAE9635}.Debug|x64.ActiveCfg = Debug|x64
		{08E69DA0-FFEF-31EF-9E6B-EF241CAE9635}.Debug|x64.Build.0 = Debug|x64
		{08E69DA0-FFEF-31EF-9E6B-EF241CAE9635}.Release|x64.ActiveCfg = Release|x64
		{08E69DA0-FFEF-31EF-9E6B-EF241CAE9635}.Release|x64.Build.0 = Release|x64
	EndGlobalSection
	GlobalSection(SolutionProperties) = preSolution
		HideSolutionNode = FALSE
	EndGlobalSection
	GlobalSection(ExtensibilityGlobals) = postSolution
		SolutionGuid = {26E49BD2-A911-4357-8419-5DD19441C1A3}
	EndGlobalSection
EndGlobal
