
Microsoft Visual Studio Solution File, Format Version 12.00
# Visual Studio Version 16
VisualStudioVersion = 16.0.30320.27
MinimumVisualStudioVersion = 10.0.40219.1
Project("{FAE04EC0-301F-11D3-BF4B-00C04F79EFBC}") = "b07611001hw1", "b07611001hw1\b07611001hw1.csproj", "{13106EEC-2249-4AF7-930E-17108C71C6CC}"
EndProject
Global
	GlobalSection(SolutionConfigurationPlatforms) = preSolution
		Debug|Any CPU = Debug|Any CPU
		Release|Any CPU = Release|Any CPU
	EndGlobalSection
	GlobalSection(ProjectConfigurationPlatforms) = postSolution
		{13106EEC-2249-4AF7-930E-17108C71C6CC}.Debug|Any CPU.ActiveCfg = Debug|Any CPU
		{13106EEC-2249-4AF7-930E-17108C71C6CC}.Debug|Any CPU.Build.0 = Debug|Any CPU
		{13106EEC-2249-4AF7-930E-17108C71C6CC}.Release|Any CPU.ActiveCfg = Release|Any CPU
		{13106EEC-2249-4AF7-930E-17108C71C6CC}.Release|Any CPU.Build.0 = Release|Any CPU
	EndGlobalSection
	GlobalSection(SolutionProperties) = preSolution
		HideSolutionNode = FALSE
	EndGlobalSection
	GlobalSection(ExtensibilityGlobals) = postSolution
		SolutionGuid = {FCF4217E-009A-4E87-8B22-742CE1791A0A}
	EndGlobalSection
EndGlobal
